
Microsoft Visual Studio Solution File, Format Version 12.00
# Visual Studio Version 16
VisualStudioVersion = 16.0.29509.3
MinimumVisualStudioVersion = 10.0.40219.1
Project("{FAE04EC0-301F-11D3-BF4B-00C04F79EFBC}") = "MyConsoleApp", "MyConsoleApp\MyConsoleApp.csproj", "{B20519BC-D0C3-4B89-9C88-E6C97B420237}"
EndProject
Project("{FAE04EC0-301F-11D3-BF4B-00C04F79EFBC}") = "CA1", "CA1\CA1.csproj", "{F9D87BE9-DC27-4246-BEF2-5A1E07A76F81}"
EndProject
Project("{FAE04EC0-301F-11D3-BF4B-00C04F79EFBC}") = "CA2", "CA2\CA2.csproj", "{7639D698-4699-4D95-A8C9-1A8EAE2CA069}"
EndProject
Project("{FAE04EC0-301F-11D3-BF4B-00C04F79EFBC}") = "WinService", "WinService\WinService.csproj", "{9B2A9E84-4240-4AA0-960C-927B390A4CA4}"
EndProject
Project("{FAE04EC0-301F-11D3-BF4B-00C04F79EFBC}") = "MDIApplication", "MDIApplication\MDIApplication.csproj", "{D4E92012-975C-4EE3-957E-B2387CCADFDE}"
EndProject
Global
	GlobalSection(SolutionConfigurationPlatforms) = preSolution
		Debug|Any CPU = Debug|Any CPU
		Release|Any CPU = Release|Any CPU
	EndGlobalSection
	GlobalSection(ProjectConfigurationPlatforms) = postSolution
		{B20519BC-D0C3-4B89-9C88-E6C97B420237}.Debug|Any CPU.ActiveCfg = Debug|Any CPU
		{B20519BC-D0C3-4B89-9C88-E6C97B420237}.Debug|Any CPU.Build.0 = Debug|Any CPU
		{B20519BC-D0C3-4B89-9C88-E6C97B420237}.Release|Any CPU.ActiveCfg = Release|Any CPU
		{B20519BC-D0C3-4B89-9C88-E6C97B420237}.Release|Any CPU.Build.0 = Release|Any CPU
		{F9D87BE9-DC27-4246-BEF2-5A1E07A76F81}.Debug|Any CPU.ActiveCfg = Debug|Any CPU
		{F9D87BE9-DC27-4246-BEF2-5A1E07A76F81}.Debug|Any CPU.Build.0 = Debug|Any CPU
		{F9D87BE9-DC27-4246-BEF2-5A1E07A76F81}.Release|Any CPU.ActiveCfg = Release|Any CPU
		{F9D87BE9-DC27-4246-BEF2-5A1E07A76F81}.Release|Any CPU.Build.0 = Release|Any CPU
		{7639D698-4699-4D95-A8C9-1A8EAE2CA069}.Debug|Any CPU.ActiveCfg = Debug|Any CPU
		{7639D698-4699-4D95-A8C9-1A8EAE2CA069}.Debug|Any CPU.Build.0 = Debug|Any CPU
		{7639D698-4699-4D95-A8C9-1A8EAE2CA069}.Release|Any CPU.ActiveCfg = Release|Any CPU
		{7639D698-4699-4D95-A8C9-1A8EAE2CA069}.Release|Any CPU.Build.0 = Release|Any CPU
		{9B2A9E84-4240-4AA0-960C-927B390A4CA4}.Debug|Any CPU.ActiveCfg = Debug|Any CPU
		{9B2A9E84-4240-4AA0-960C-927B390A4CA4}.Debug|Any CPU.Build.0 = Debug|Any CPU
		{9B2A9E84-4240-4AA0-960C-927B390A4CA4}.Release|Any CPU.ActiveCfg = Release|Any CPU
		{9B2A9E84-4240-4AA0-960C-927B390A4CA4}.Release|Any CPU.Build.0 = Release|Any CPU
		{D4E92012-975C-4EE3-957E-B2387CCADFDE}.Debug|Any CPU.ActiveCfg = Debug|Any CPU
		{D4E92012-975C-4EE3-957E-B2387CCADFDE}.Debug|Any CPU.Build.0 = Debug|Any CPU
		{D4E92012-975C-4EE3-957E-B2387CCADFDE}.Release|Any CPU.ActiveCfg = Release|Any CPU
		{D4E92012-975C-4EE3-957E-B2387CCADFDE}.Release|Any CPU.Build.0 = Release|Any CPU
	EndGlobalSection
	GlobalSection(SolutionProperties) = preSolution
		HideSolutionNode = FALSE
	EndGlobalSection
	GlobalSection(ExtensibilityGlobals) = postSolution
		SolutionGuid = {6027F6FE-07BD-4564-B84A-93B4D02E5DFA}
	EndGlobalSection
EndGlobal
